
Microsoft Visual Studio Solution File, Format Version 12.00
# Visual Studio Version 16
VisualStudioVersion = 16.0.32228.343
MinimumVisualStudioVersion = 10.0.40219.1
Project("{FAE04EC0-301F-11D3-BF4B-00C04F79EFBC}") = "Practical-24", "Practical-24\Practical-24.csproj", "{A425381F-93C9-43DA-AB01-0B2634843FBA}"
EndProject
Global
	GlobalSection(SolutionConfigurationPlatforms) = preSolution
		Debug|Any CPU = Debug|Any CPU
		Release|Any CPU = Release|Any CPU
	EndGlobalSection
	GlobalSection(ProjectConfigurationPlatforms) = postSolution
		{A425381F-93C9-43DA-AB01-0B2634843FBA}.Debug|Any CPU.ActiveCfg = Debug|Any CPU
		{A425381F-93C9-43DA-AB01-0B2634843FBA}.Debug|Any CPU.Build.0 = Debug|Any CPU
		{A425381F-93C9-43DA-AB01-0B2634843FBA}.Release|Any CPU.ActiveCfg = Release|Any CPU
		{A425381F-93C9-43DA-AB01-0B2634843FBA}.Release|Any CPU.Build.0 = Release|Any CPU
	EndGlobalSection
	GlobalSection(SolutionProperties) = preSolution
		HideSolutionNode = FALSE
	EndGlobalSection
	GlobalSection(ExtensibilityGlobals) = postSolution
		SolutionGuid = {A5B8A956-F812-45AF-AC04-BEC8BBDE2305}
	EndGlobalSection
EndGlobal
