
Microsoft Visual Studio Solution File, Format Version 12.00
# Visual Studio Version 16
VisualStudioVersion = 16.0.32106.194
MinimumVisualStudioVersion = 10.0.40219.1
Project("{FAE04EC0-301F-11D3-BF4B-00C04F79EFBC}") = "Practical-23", "Practical-23\Practical-23.csproj", "{96F35DEB-1830-4248-9601-F3E3DA3B86F1}"
EndProject
Project("{FAE04EC0-301F-11D3-BF4B-00C04F79EFBC}") = "Data_Access_Layer", "Data_Access_Layer\Data_Access_Layer.csproj", "{52321F72-C64F-40C2-A0AD-C689F08EEACA}"
EndProject
Global
	GlobalSection(SolutionConfigurationPlatforms) = preSolution
		Debug|Any CPU = Debug|Any CPU
		Release|Any CPU = Release|Any CPU
	EndGlobalSection
	GlobalSection(ProjectConfigurationPlatforms) = postSolution
		{96F35DEB-1830-4248-9601-F3E3DA3B86F1}.Debug|Any CPU.ActiveCfg = Debug|Any CPU
		{96F35DEB-1830-4248-9601-F3E3DA3B86F1}.Debug|Any CPU.Build.0 = Debug|Any CPU
		{96F35DEB-1830-4248-9601-F3E3DA3B86F1}.Release|Any CPU.ActiveCfg = Release|Any CPU
		{96F35DEB-1830-4248-9601-F3E3DA3B86F1}.Release|Any CPU.Build.0 = Release|Any CPU
		{52321F72-C64F-40C2-A0AD-C689F08EEACA}.Debug|Any CPU.ActiveCfg = Debug|Any CPU
		{52321F72-C64F-40C2-A0AD-C689F08EEACA}.Debug|Any CPU.Build.0 = Debug|Any CPU
		{52321F72-C64F-40C2-A0AD-C689F08EEACA}.Release|Any CPU.ActiveCfg = Release|Any CPU
		{52321F72-C64F-40C2-A0AD-C689F08EEACA}.Release|Any CPU.Build.0 = Release|Any CPU
	EndGlobalSection
	GlobalSection(SolutionProperties) = preSolution
		HideSolutionNode = FALSE
	EndGlobalSection
	GlobalSection(ExtensibilityGlobals) = postSolution
		SolutionGuid = {C4F883AF-F3E4-41AC-9E07-9695B77FDDC6}
	EndGlobalSection
EndGlobal
